
Microsoft Visual Studio Solution File, Format Version 12.00
# Visual Studio 15
VisualStudioVersion = 15.0.28307.329
MinimumVisualStudioVersion = 10.0.40219.1
Project("{A07B5EB6-E848-4116-A8D0-A826331D98C6}") = "DataServiceApplication", "DataServiceApplication\DataServiceApplication.sfproj", "{A653B304-CC62-4F66-BD24-5F72CD77FFE0}"
EndProject
Project("{FAE04EC0-301F-11D3-BF4B-00C04F79EFBC}") = "DataService.Interfaces", "DataService.Interfaces\DataService.Interfaces.csproj", "{F050B7E9-7D09-4D32-9834-D79FF8EC0A51}"
EndProject
Project("{2150E333-8FDC-42A3-9474-1A3956D46DE8}") = "FabricServices", "FabricServices", "{2AFF32F4-D3E6-4962-91FA-8C150097602D}"
EndProject
Project("{2150E333-8FDC-42A3-9474-1A3956D46DE8}") = "Domain", "Domain", "{C537C75F-DA2C-4819-9856-7759EB2432EF}"
EndProject
Project("{FAE04EC0-301F-11D3-BF4B-00C04F79EFBC}") = "Domain.Model", "Domain.Model\Domain.Model.csproj", "{92D9936E-E938-4774-8BB2-7F9C5DB4538A}"
EndProject
Project("{FAE04EC0-301F-11D3-BF4B-00C04F79EFBC}") = "Domain.Interfaces", "Domain.Interfaces\Domain.Interfaces.csproj", "{6AF9ED10-61D0-4864-B3E1-1ECD24360249}"
EndProject
Project("{FAE04EC0-301F-11D3-BF4B-00C04F79EFBC}") = "Domain.Logic", "Domain.Logic\Domain.Logic.csproj", "{77AE536F-47D3-46CA-9081-3D1E68BBD9B0}"
EndProject
Project("{FAE04EC0-301F-11D3-BF4B-00C04F79EFBC}") = "DataService", "DataService\DataService.csproj", "{921D7091-7C21-4DEC-BFC5-20AB9FA62E2B}"
EndProject
Project("{FAE04EC0-301F-11D3-BF4B-00C04F79EFBC}") = "DataService.Client", "DataService.Client\DataService.Client.csproj", "{148E0D1E-AC78-4AEA-8FFF-4A1CC2001876}"
EndProject
Project("{2150E333-8FDC-42A3-9474-1A3956D46DE8}") = "DataService", "DataService", "{476844A6-216B-4AF1-9742-49BABD7E5004}"
EndProject
Project("{2150E333-8FDC-42A3-9474-1A3956D46DE8}") = "ApiService", "ApiService", "{B39840E4-802D-438D-BBD0-87B4AA304F2C}"
EndProject
Project("{2150E333-8FDC-42A3-9474-1A3956D46DE8}") = "RecognitionService", "RecognitionService", "{CED42084-65ED-4D03-BE78-FE95AFAF4E74}"
EndProject
Project("{A07B5EB6-E848-4116-A8D0-A826331D98C6}") = "ApiApplication", "ApiApplication\ApiApplication.sfproj", "{A165CD5D-0BE7-4DEA-A027-954412E0E3CC}"
EndProject
Project("{FAE04EC0-301F-11D3-BF4B-00C04F79EFBC}") = "ApiService", "ApiService\ApiService.csproj", "{F7D6ADF5-22A3-43AB-A956-45F85081D5A2}"
EndProject
Global
	GlobalSection(SolutionConfigurationPlatforms) = preSolution
		Debug|Any CPU = Debug|Any CPU
		Debug|x64 = Debug|x64
		Release|Any CPU = Release|Any CPU
		Release|x64 = Release|x64
	EndGlobalSection
	GlobalSection(ProjectConfigurationPlatforms) = postSolution
		{A653B304-CC62-4F66-BD24-5F72CD77FFE0}.Debug|Any CPU.ActiveCfg = Debug|x64
		{A653B304-CC62-4F66-BD24-5F72CD77FFE0}.Debug|x64.ActiveCfg = Debug|x64
		{A653B304-CC62-4F66-BD24-5F72CD77FFE0}.Debug|x64.Build.0 = Debug|x64
		{A653B304-CC62-4F66-BD24-5F72CD77FFE0}.Debug|x64.Deploy.0 = Debug|x64
		{A653B304-CC62-4F66-BD24-5F72CD77FFE0}.Release|Any CPU.ActiveCfg = Release|x64
		{A653B304-CC62-4F66-BD24-5F72CD77FFE0}.Release|x64.ActiveCfg = Release|x64
		{A653B304-CC62-4F66-BD24-5F72CD77FFE0}.Release|x64.Build.0 = Release|x64
		{A653B304-CC62-4F66-BD24-5F72CD77FFE0}.Release|x64.Deploy.0 = Release|x64
		{F050B7E9-7D09-4D32-9834-D79FF8EC0A51}.Debug|Any CPU.ActiveCfg = Debug|Any CPU
		{F050B7E9-7D09-4D32-9834-D79FF8EC0A51}.Debug|Any CPU.Build.0 = Debug|Any CPU
		{F050B7E9-7D09-4D32-9834-D79FF8EC0A51}.Debug|x64.ActiveCfg = Debug|Any CPU
		{F050B7E9-7D09-4D32-9834-D79FF8EC0A51}.Debug|x64.Build.0 = Debug|Any CPU
		{F050B7E9-7D09-4D32-9834-D79FF8EC0A51}.Release|Any CPU.ActiveCfg = Release|Any CPU
		{F050B7E9-7D09-4D32-9834-D79FF8EC0A51}.Release|Any CPU.Build.0 = Release|Any CPU
		{F050B7E9-7D09-4D32-9834-D79FF8EC0A51}.Release|x64.ActiveCfg = Release|Any CPU
		{F050B7E9-7D09-4D32-9834-D79FF8EC0A51}.Release|x64.Build.0 = Release|Any CPU
		{92D9936E-E938-4774-8BB2-7F9C5DB4538A}.Debug|Any CPU.ActiveCfg = Debug|Any CPU
		{92D9936E-E938-4774-8BB2-7F9C5DB4538A}.Debug|Any CPU.Build.0 = Debug|Any CPU
		{92D9936E-E938-4774-8BB2-7F9C5DB4538A}.Debug|x64.ActiveCfg = Debug|Any CPU
		{92D9936E-E938-4774-8BB2-7F9C5DB4538A}.Debug|x64.Build.0 = Debug|Any CPU
		{92D9936E-E938-4774-8BB2-7F9C5DB4538A}.Release|Any CPU.ActiveCfg = Release|Any CPU
		{92D9936E-E938-4774-8BB2-7F9C5DB4538A}.Release|Any CPU.Build.0 = Release|Any CPU
		{92D9936E-E938-4774-8BB2-7F9C5DB4538A}.Release|x64.ActiveCfg = Release|Any CPU
		{92D9936E-E938-4774-8BB2-7F9C5DB4538A}.Release|x64.Build.0 = Release|Any CPU
		{6AF9ED10-61D0-4864-B3E1-1ECD24360249}.Debug|Any CPU.ActiveCfg = Debug|Any CPU
		{6AF9ED10-61D0-4864-B3E1-1ECD24360249}.Debug|Any CPU.Build.0 = Debug|Any CPU
		{6AF9ED10-61D0-4864-B3E1-1ECD24360249}.Debug|x64.ActiveCfg = Debug|Any CPU
		{6AF9ED10-61D0-4864-B3E1-1ECD24360249}.Debug|x64.Build.0 = Debug|Any CPU
		{6AF9ED10-61D0-4864-B3E1-1ECD24360249}.Release|Any CPU.ActiveCfg = Release|Any CPU
		{6AF9ED10-61D0-4864-B3E1-1ECD24360249}.Release|Any CPU.Build.0 = Release|Any CPU
		{6AF9ED10-61D0-4864-B3E1-1ECD24360249}.Release|x64.ActiveCfg = Release|Any CPU
		{6AF9ED10-61D0-4864-B3E1-1ECD24360249}.Release|x64.Build.0 = Release|Any CPU
		{77AE536F-47D3-46CA-9081-3D1E68BBD9B0}.Debug|Any CPU.ActiveCfg = Debug|Any CPU
		{77AE536F-47D3-46CA-9081-3D1E68BBD9B0}.Debug|Any CPU.Build.0 = Debug|Any CPU
		{77AE536F-47D3-46CA-9081-3D1E68BBD9B0}.Debug|x64.ActiveCfg = Debug|Any CPU
		{77AE536F-47D3-46CA-9081-3D1E68BBD9B0}.Debug|x64.Build.0 = Debug|Any CPU
		{77AE536F-47D3-46CA-9081-3D1E68BBD9B0}.Release|Any CPU.ActiveCfg = Release|Any CPU
		{77AE536F-47D3-46CA-9081-3D1E68BBD9B0}.Release|Any CPU.Build.0 = Release|Any CPU
		{77AE536F-47D3-46CA-9081-3D1E68BBD9B0}.Release|x64.ActiveCfg = Release|Any CPU
		{77AE536F-47D3-46CA-9081-3D1E68BBD9B0}.Release|x64.Build.0 = Release|Any CPU
		{921D7091-7C21-4DEC-BFC5-20AB9FA62E2B}.Debug|Any CPU.ActiveCfg = Debug|x64
		{921D7091-7C21-4DEC-BFC5-20AB9FA62E2B}.Debug|x64.ActiveCfg = Debug|x64
		{921D7091-7C21-4DEC-BFC5-20AB9FA62E2B}.Debug|x64.Build.0 = Debug|x64
		{921D7091-7C21-4DEC-BFC5-20AB9FA62E2B}.Release|Any CPU.ActiveCfg = Release|x64
		{921D7091-7C21-4DEC-BFC5-20AB9FA62E2B}.Release|x64.ActiveCfg = Release|x64
		{921D7091-7C21-4DEC-BFC5-20AB9FA62E2B}.Release|x64.Build.0 = Release|x64
		{148E0D1E-AC78-4AEA-8FFF-4A1CC2001876}.Debug|Any CPU.ActiveCfg = Debug|Any CPU
		{148E0D1E-AC78-4AEA-8FFF-4A1CC2001876}.Debug|Any CPU.Build.0 = Debug|Any CPU
		{148E0D1E-AC78-4AEA-8FFF-4A1CC2001876}.Debug|x64.ActiveCfg = Debug|Any CPU
		{148E0D1E-AC78-4AEA-8FFF-4A1CC2001876}.Debug|x64.Build.0 = Debug|Any CPU
		{148E0D1E-AC78-4AEA-8FFF-4A1CC2001876}.Release|Any CPU.ActiveCfg = Release|Any CPU
		{148E0D1E-AC78-4AEA-8FFF-4A1CC2001876}.Release|Any CPU.Build.0 = Release|Any CPU
		{148E0D1E-AC78-4AEA-8FFF-4A1CC2001876}.Release|x64.ActiveCfg = Release|Any CPU
		{148E0D1E-AC78-4AEA-8FFF-4A1CC2001876}.Release|x64.Build.0 = Release|Any CPU
		{A165CD5D-0BE7-4DEA-A027-954412E0E3CC}.Debug|Any CPU.ActiveCfg = Debug|x64
		{A165CD5D-0BE7-4DEA-A027-954412E0E3CC}.Debug|x64.ActiveCfg = Debug|x64
		{A165CD5D-0BE7-4DEA-A027-954412E0E3CC}.Debug|x64.Build.0 = Debug|x64
		{A165CD5D-0BE7-4DEA-A027-954412E0E3CC}.Debug|x64.Deploy.0 = Debug|x64
		{A165CD5D-0BE7-4DEA-A027-954412E0E3CC}.Release|Any CPU.ActiveCfg = Release|x64
		{A165CD5D-0BE7-4DEA-A027-954412E0E3CC}.Release|x64.ActiveCfg = Release|x64
		{A165CD5D-0BE7-4DEA-A027-954412E0E3CC}.Release|x64.Build.0 = Release|x64
		{A165CD5D-0BE7-4DEA-A027-954412E0E3CC}.Release|x64.Deploy.0 = Release|x64
		{F7D6ADF5-22A3-43AB-A956-45F85081D5A2}.Debug|Any CPU.ActiveCfg = Debug|x64
		{F7D6ADF5-22A3-43AB-A956-45F85081D5A2}.Debug|x64.ActiveCfg = Debug|x64
		{F7D6ADF5-22A3-43AB-A956-45F85081D5A2}.Debug|x64.Build.0 = Debug|x64
		{F7D6ADF5-22A3-43AB-A956-45F85081D5A2}.Release|Any CPU.ActiveCfg = Release|x64
		{F7D6ADF5-22A3-43AB-A956-45F85081D5A2}.Release|x64.ActiveCfg = Release|x64
		{F7D6ADF5-22A3-43AB-A956-45F85081D5A2}.Release|x64.Build.0 = Release|x64
	EndGlobalSection
	GlobalSection(SolutionProperties) = preSolution
		HideSolutionNode = FALSE
	EndGlobalSection
	GlobalSection(NestedProjects) = preSolution
		{A653B304-CC62-4F66-BD24-5F72CD77FFE0} = {476844A6-216B-4AF1-9742-49BABD7E5004}
		{F050B7E9-7D09-4D32-9834-D79FF8EC0A51} = {476844A6-216B-4AF1-9742-49BABD7E5004}
		{92D9936E-E938-4774-8BB2-7F9C5DB4538A} = {C537C75F-DA2C-4819-9856-7759EB2432EF}
		{6AF9ED10-61D0-4864-B3E1-1ECD24360249} = {C537C75F-DA2C-4819-9856-7759EB2432EF}
		{77AE536F-47D3-46CA-9081-3D1E68BBD9B0} = {C537C75F-DA2C-4819-9856-7759EB2432EF}
		{921D7091-7C21-4DEC-BFC5-20AB9FA62E2B} = {476844A6-216B-4AF1-9742-49BABD7E5004}
		{148E0D1E-AC78-4AEA-8FFF-4A1CC2001876} = {476844A6-216B-4AF1-9742-49BABD7E5004}
		{476844A6-216B-4AF1-9742-49BABD7E5004} = {2AFF32F4-D3E6-4962-91FA-8C150097602D}
		{B39840E4-802D-438D-BBD0-87B4AA304F2C} = {2AFF32F4-D3E6-4962-91FA-8C150097602D}
		{CED42084-65ED-4D03-BE78-FE95AFAF4E74} = {2AFF32F4-D3E6-4962-91FA-8C150097602D}
		{A165CD5D-0BE7-4DEA-A027-954412E0E3CC} = {B39840E4-802D-438D-BBD0-87B4AA304F2C}
		{F7D6ADF5-22A3-43AB-A956-45F85081D5A2} = {B39840E4-802D-438D-BBD0-87B4AA304F2C}
	EndGlobalSection
	GlobalSection(ExtensibilityGlobals) = postSolution
		SolutionGuid = {6DBFF320-6B91-4CBE-95D5-A469DE58E64A}
	EndGlobalSection
EndGlobal
