
Microsoft Visual Studio Solution File, Format Version 12.00
# Visual Studio 15
VisualStudioVersion = 15.0.28307.329
MinimumVisualStudioVersion = 10.0.40219.1
Project("{A07B5EB6-E848-4116-A8D0-A826331D98C6}") = "DataServiceApplication", "DataServiceApplication\DataServiceApplication.sfproj", "{A653B304-CC62-4F66-BD24-5F72CD77FFE0}"
EndProject
Project("{FAE04EC0-301F-11D3-BF4B-00C04F79EFBC}") = "DataService", "DataService\DataService.csproj", "{921D7091-7C21-4DEC-BFC5-20AB9FA62E2B}"
EndProject
Global
	GlobalSection(SolutionConfigurationPlatforms) = preSolution
		Debug|x64 = Debug|x64
		Release|x64 = Release|x64
	EndGlobalSection
	GlobalSection(ProjectConfigurationPlatforms) = postSolution
		{A653B304-CC62-4F66-BD24-5F72CD77FFE0}.Debug|x64.ActiveCfg = Debug|x64
		{A653B304-CC62-4F66-BD24-5F72CD77FFE0}.Debug|x64.Build.0 = Debug|x64
		{A653B304-CC62-4F66-BD24-5F72CD77FFE0}.Debug|x64.Deploy.0 = Debug|x64
		{A653B304-CC62-4F66-BD24-5F72CD77FFE0}.Release|x64.ActiveCfg = Release|x64
		{A653B304-CC62-4F66-BD24-5F72CD77FFE0}.Release|x64.Build.0 = Release|x64
		{A653B304-CC62-4F66-BD24-5F72CD77FFE0}.Release|x64.Deploy.0 = Release|x64
		{921D7091-7C21-4DEC-BFC5-20AB9FA62E2B}.Debug|x64.ActiveCfg = Debug|x64
		{921D7091-7C21-4DEC-BFC5-20AB9FA62E2B}.Debug|x64.Build.0 = Debug|x64
		{921D7091-7C21-4DEC-BFC5-20AB9FA62E2B}.Release|x64.ActiveCfg = Release|x64
		{921D7091-7C21-4DEC-BFC5-20AB9FA62E2B}.Release|x64.Build.0 = Release|x64
	EndGlobalSection
	GlobalSection(SolutionProperties) = preSolution
		HideSolutionNode = FALSE
	EndGlobalSection
	GlobalSection(ExtensibilityGlobals) = postSolution
		SolutionGuid = {6DBFF320-6B91-4CBE-95D5-A469DE58E64A}
	EndGlobalSection
EndGlobal
