
Microsoft Visual Studio Solution File, Format Version 12.00
# Visual Studio 15
VisualStudioVersion = 15.0.28010.2036
MinimumVisualStudioVersion = 10.0.40219.1
Project("{FAE04EC0-301F-11D3-BF4B-00C04F79EFBC}") = "IronOCRTest1", "IronOCRTest1\IronOCRTest1.csproj", "{4F80BFD7-C62C-4B2F-A7AD-579FE8075B26}"
EndProject
Global
	GlobalSection(SolutionConfigurationPlatforms) = preSolution
		Debug|Any CPU = Debug|Any CPU
		Release|Any CPU = Release|Any CPU
	EndGlobalSection
	GlobalSection(ProjectConfigurationPlatforms) = postSolution
		{4F80BFD7-C62C-4B2F-A7AD-579FE8075B26}.Debug|Any CPU.ActiveCfg = Debug|Any CPU
		{4F80BFD7-C62C-4B2F-A7AD-579FE8075B26}.Debug|Any CPU.Build.0 = Debug|Any CPU
		{4F80BFD7-C62C-4B2F-A7AD-579FE8075B26}.Release|Any CPU.ActiveCfg = Release|Any CPU
		{4F80BFD7-C62C-4B2F-A7AD-579FE8075B26}.Release|Any CPU.Build.0 = Release|Any CPU
	EndGlobalSection
	GlobalSection(SolutionProperties) = preSolution
		HideSolutionNode = FALSE
	EndGlobalSection
	GlobalSection(ExtensibilityGlobals) = postSolution
		SolutionGuid = {9369B368-15A6-4B4D-B458-B80B943F1B51}
	EndGlobalSection
EndGlobal
